
Microsoft Visual Studio Solution File, Format Version 12.00
# Visual Studio Version 17
VisualStudioVersion = 17.3.32819.101
MinimumVisualStudioVersion = 10.0.40219.1
Project("{9A19103F-16F7-4668-BE54-9A1E7A4F7556}") = "IdentityServer", "IdentityServer\IdentityServer.csproj", "{EA6914B3-FD6F-4641-9478-0B70A5CAA26A}"
EndProject
Project("{9A19103F-16F7-4668-BE54-9A1E7A4F7556}") = "Emailer", "Emailer\Emailer.csproj", "{209A842D-EC78-4D1E-8A62-767076A32C7F}"
EndProject
Global
	GlobalSection(SolutionConfigurationPlatforms) = preSolution
		Debug|Any CPU = Debug|Any CPU
		Release|Any CPU = Release|Any CPU
	EndGlobalSection
	GlobalSection(ProjectConfigurationPlatforms) = postSolution
		{EA6914B3-FD6F-4641-9478-0B70A5CAA26A}.Debug|Any CPU.ActiveCfg = Debug|Any CPU
		{EA6914B3-FD6F-4641-9478-0B70A5CAA26A}.Debug|Any CPU.Build.0 = Debug|Any CPU
		{EA6914B3-FD6F-4641-9478-0B70A5CAA26A}.Release|Any CPU.ActiveCfg = Release|Any CPU
		{EA6914B3-FD6F-4641-9478-0B70A5CAA26A}.Release|Any CPU.Build.0 = Release|Any CPU
		{209A842D-EC78-4D1E-8A62-767076A32C7F}.Debug|Any CPU.ActiveCfg = Debug|Any CPU
		{209A842D-EC78-4D1E-8A62-767076A32C7F}.Debug|Any CPU.Build.0 = Debug|Any CPU
		{209A842D-EC78-4D1E-8A62-767076A32C7F}.Release|Any CPU.ActiveCfg = Release|Any CPU
		{209A842D-EC78-4D1E-8A62-767076A32C7F}.Release|Any CPU.Build.0 = Release|Any CPU
	EndGlobalSection
	GlobalSection(SolutionProperties) = preSolution
		HideSolutionNode = FALSE
	EndGlobalSection
	GlobalSection(ExtensibilityGlobals) = postSolution
		SolutionGuid = {8E254086-4E45-45B9-82FC-F52ED4934B33}
	EndGlobalSection
EndGlobal
